
Microsoft Visual Studio Solution File, Format Version 12.00
# Visual Studio Version 17
VisualStudioVersion = 17.14.36811.4 d17.14
MinimumVisualStudioVersion = 10.0.40219.1
Project("{FAE04EC0-301F-11D3-BF4B-00C04F79EFBC}") = "whatlolEncoder", "whatlolEncoder\whatlolEncoder.csproj", "{1744436D-34C3-4621-90D6-1D87E79BA413}"
EndProject
Global
	GlobalSection(SolutionConfigurationPlatforms) = preSolution
		Debug|Any CPU = Debug|Any CPU
		Release|Any CPU = Release|Any CPU
	EndGlobalSection
	GlobalSection(ProjectConfigurationPlatforms) = postSolution
		{1744436D-34C3-4621-90D6-1D87E79BA413}.Debug|Any CPU.ActiveCfg = Debug|Any CPU
		{1744436D-34C3-4621-90D6-1D87E79BA413}.Debug|Any CPU.Build.0 = Debug|Any CPU
		{1744436D-34C3-4621-90D6-1D87E79BA413}.Release|Any CPU.ActiveCfg = Release|Any CPU
		{1744436D-34C3-4621-90D6-1D87E79BA413}.Release|Any CPU.Build.0 = Release|Any CPU
	EndGlobalSection
	GlobalSection(SolutionProperties) = preSolution
		HideSolutionNode = FALSE
	EndGlobalSection
	GlobalSection(ExtensibilityGlobals) = postSolution
		SolutionGuid = {6EDEA452-86B4-408E-80CF-60BB51AA6E02}
	EndGlobalSection
EndGlobal
